
Microsoft Visual Studio Solution File, Format Version 12.00
# Visual Studio Version 16
VisualStudioVersion = 16.0.32602.291
MinimumVisualStudioVersion = 10.0.40219.1
Project("{8BC9CEB8-8B4A-11D0-8D11-00A0C91BC942}") = "22_8_15_Date2", "22_8_15_Date2\22_8_15_Date2.vcxproj", "{0A16506E-3982-4AE3-97D0-777026E86EDA}"
EndProject
Global
	GlobalSection(SolutionConfigurationPlatforms) = preSolution
		Debug|x64 = Debug|x64
		Debug|x86 = Debug|x86
		Release|x64 = Release|x64
		Release|x86 = Release|x86
	EndGlobalSection
	GlobalSection(ProjectConfigurationPlatforms) = postSolution
		{0A16506E-3982-4AE3-97D0-777026E86EDA}.Debug|x64.ActiveCfg = Debug|x64
		{0A16506E-3982-4AE3-97D0-777026E86EDA}.Debug|x64.Build.0 = Debug|x64
		{0A16506E-3982-4AE3-97D0-777026E86EDA}.Debug|x86.ActiveCfg = Debug|Win32
		{0A16506E-3982-4AE3-97D0-777026E86EDA}.Debug|x86.Build.0 = Debug|Win32
		{0A16506E-3982-4AE3-97D0-777026E86EDA}.Release|x64.ActiveCfg = Release|x64
		{0A16506E-3982-4AE3-97D0-777026E86EDA}.Release|x64.Build.0 = Release|x64
		{0A16506E-3982-4AE3-97D0-777026E86EDA}.Release|x86.ActiveCfg = Release|Win32
		{0A16506E-3982-4AE3-97D0-777026E86EDA}.Release|x86.Build.0 = Release|Win32
	EndGlobalSection
	GlobalSection(SolutionProperties) = preSolution
		HideSolutionNode = FALSE
	EndGlobalSection
	GlobalSection(ExtensibilityGlobals) = postSolution
		SolutionGuid = {63D10116-E99A-436B-B4B1-FF50A89A4995}
	EndGlobalSection
EndGlobal
