
Microsoft Visual Studio Solution File, Format Version 12.00
# Visual Studio Version 16
VisualStudioVersion = 16.0.32602.291
MinimumVisualStudioVersion = 10.0.40219.1
Project("{8BC9CEB8-8B4A-11D0-8D11-00A0C91BC942}") = "管理系统", "管理系统\管理系统.vcxproj", "{5A9750B6-FCAF-4C68-9F0C-C06DF3B0BE86}"
EndProject
Global
	GlobalSection(SolutionConfigurationPlatforms) = preSolution
		Debug|x64 = Debug|x64
		Debug|x86 = Debug|x86
		Release|x64 = Release|x64
		Release|x86 = Release|x86
	EndGlobalSection
	GlobalSection(ProjectConfigurationPlatforms) = postSolution
		{5A9750B6-FCAF-4C68-9F0C-C06DF3B0BE86}.Debug|x64.ActiveCfg = Debug|x64
		{5A9750B6-FCAF-4C68-9F0C-C06DF3B0BE86}.Debug|x64.Build.0 = Debug|x64
		{5A9750B6-FCAF-4C68-9F0C-C06DF3B0BE86}.Debug|x86.ActiveCfg = Debug|Win32
		{5A9750B6-FCAF-4C68-9F0C-C06DF3B0BE86}.Debug|x86.Build.0 = Debug|Win32
		{5A9750B6-FCAF-4C68-9F0C-C06DF3B0BE86}.Release|x64.ActiveCfg = Release|x64
		{5A9750B6-FCAF-4C68-9F0C-C06DF3B0BE86}.Release|x64.Build.0 = Release|x64
		{5A9750B6-FCAF-4C68-9F0C-C06DF3B0BE86}.Release|x86.ActiveCfg = Release|Win32
		{5A9750B6-FCAF-4C68-9F0C-C06DF3B0BE86}.Release|x86.Build.0 = Release|Win32
	EndGlobalSection
	GlobalSection(SolutionProperties) = preSolution
		HideSolutionNode = FALSE
	EndGlobalSection
	GlobalSection(ExtensibilityGlobals) = postSolution
		SolutionGuid = {F45FC59D-2E91-4FAF-A990-B0B6A8A9F0E0}
	EndGlobalSection
EndGlobal
