
Microsoft Visual Studio Solution File, Format Version 12.00
# Visual Studio Version 16
VisualStudioVersion = 16.0.32630.194
MinimumVisualStudioVersion = 10.0.40219.1
Project("{8BC9CEB8-8B4A-11D0-8D11-00A0C91BC942}") = "22_8_8_test", "22_8_8_test\22_8_8_test.vcxproj", "{C7E9F588-80D4-4EBF-AD63-7433C432DF95}"
EndProject
Global
	GlobalSection(SolutionConfigurationPlatforms) = preSolution
		Debug|x64 = Debug|x64
		Debug|x86 = Debug|x86
		Release|x64 = Release|x64
		Release|x86 = Release|x86
	EndGlobalSection
	GlobalSection(ProjectConfigurationPlatforms) = postSolution
		{C7E9F588-80D4-4EBF-AD63-7433C432DF95}.Debug|x64.ActiveCfg = Debug|x64
		{C7E9F588-80D4-4EBF-AD63-7433C432DF95}.Debug|x64.Build.0 = Debug|x64
		{C7E9F588-80D4-4EBF-AD63-7433C432DF95}.Debug|x86.ActiveCfg = Debug|Win32
		{C7E9F588-80D4-4EBF-AD63-7433C432DF95}.Debug|x86.Build.0 = Debug|Win32
		{C7E9F588-80D4-4EBF-AD63-7433C432DF95}.Release|x64.ActiveCfg = Release|x64
		{C7E9F588-80D4-4EBF-AD63-7433C432DF95}.Release|x64.Build.0 = Release|x64
		{C7E9F588-80D4-4EBF-AD63-7433C432DF95}.Release|x86.ActiveCfg = Release|Win32
		{C7E9F588-80D4-4EBF-AD63-7433C432DF95}.Release|x86.Build.0 = Release|Win32
	EndGlobalSection
	GlobalSection(SolutionProperties) = preSolution
		HideSolutionNode = FALSE
	EndGlobalSection
	GlobalSection(ExtensibilityGlobals) = postSolution
		SolutionGuid = {AF6DFE85-9318-4748-A922-845574FCDD2B}
	EndGlobalSection
EndGlobal
